Microsoft Visual Studio Solution File, Format Version 9.00
# Visual Studio 2005
Project("{8BC9CEB8-8B4A-11D0-8D11-00A0C91BC942}") = "pbn", "src\pbn\pbn.vcproj", "{7B29FF4B-B104-3893-B98B-93B7D1CE34E8}"
EndProject
Project("{8BC9CEB8-8B4A-11D0-8D11-00A0C91BC942}") = "lib_enum", "src\lib\enum\lib_enum.vcproj", "{784AE14E-1F22-36DB-B674-9A6E0530EE72}"
EndProject
Global
	GlobalSection(SolutionConfigurationPlatforms) = preSolution
		Debug|Win32 = Debug|Win32
		Release|Win32 = Release|Win32
	EndGlobalSection
	GlobalSection(ProjectConfigurationPlatforms) = postSolution
		{7B29FF4B-B104-3893-B98B-93B7D1CE34E8}.Debug|Win32.ActiveCfg = Debug|Win32
		{7B29FF4B-B104-3893-B98B-93B7D1CE34E8}.Debug|Win32.Build.0 = Debug|Win32
		{7B29FF4B-B104-3893-B98B-93B7D1CE34E8}.Release|Win32.ActiveCfg = Release|Win32
		{7B29FF4B-B104-3893-B98B-93B7D1CE34E8}.Release|Win32.Build.0 = Release|Win32
		{784AE14E-1F22-36DB-B674-9A6E0530EE72}.Debug|Win32.ActiveCfg = Debug|Win32
		{784AE14E-1F22-36DB-B674-9A6E0530EE72}.Debug|Win32.Build.0 = Debug|Win32
		{784AE14E-1F22-36DB-B674-9A6E0530EE72}.Release|Win32.ActiveCfg = Release|Win32
		{784AE14E-1F22-36DB-B674-9A6E0530EE72}.Release|Win32.Build.0 = Release|Win32
	EndGlobalSection
	GlobalSection(SolutionProperties) = preSolution
		HideSolutionNode = FALSE
	EndGlobalSection
EndGlobal
